
Microsoft Visual Studio Solution File, Format Version 12.00
# Visual Studio Version 17
VisualStudioVersion = 17.13.35919.96
MinimumVisualStudioVersion = 10.0.40219.1
Project("{FAE04EC0-301F-11D3-BF4B-00C04F79EFBC}") = "Domain", "Domain\Domain.csproj", "{B33EA492-4A9B-4043-B22F-76BCBE5A8EE4}"
EndProject
Project("{FAE04EC0-301F-11D3-BF4B-00C04F79EFBC}") = "Application", "Application\Application.csproj", "{EB0805F9-01DC-4AFB-9084-CC666C33876A}"
EndProject
Project("{FAE04EC0-301F-11D3-BF4B-00C04F79EFBC}") = "Infrastructure", "Infrastructure\Infrastructure.csproj", "{0C0A6FAF-3C23-4B8E-BD9E-98EC4353D3F6}"
EndProject
Project("{FAE04EC0-301F-11D3-BF4B-00C04F79EFBC}") = "BookingTour.API", "BookingTour.API\BookingTour.API.csproj", "{33BE7F37-2AAB-B2DF-8FE5-B2D159E8B6CB}"
EndProject
Global
	GlobalSection(SolutionConfigurationPlatforms) = preSolution
		Debug|Any CPU = Debug|Any CPU
		Debug|x64 = Debug|x64
		Debug|x86 = Debug|x86
		Release|Any CPU = Release|Any CPU
		Release|x64 = Release|x64
		Release|x86 = Release|x86
	EndGlobalSection
	GlobalSection(ProjectConfigurationPlatforms) = postSolution
		{B33EA492-4A9B-4043-B22F-76BCBE5A8EE4}.Debug|Any CPU.ActiveCfg = Debug|Any CPU
		{B33EA492-4A9B-4043-B22F-76BCBE5A8EE4}.Debug|Any CPU.Build.0 = Debug|Any CPU
		{B33EA492-4A9B-4043-B22F-76BCBE5A8EE4}.Debug|x64.ActiveCfg = Debug|Any CPU
		{B33EA492-4A9B-4043-B22F-76BCBE5A8EE4}.Debug|x64.Build.0 = Debug|Any CPU
		{B33EA492-4A9B-4043-B22F-76BCBE5A8EE4}.Debug|x86.ActiveCfg = Debug|Any CPU
		{B33EA492-4A9B-4043-B22F-76BCBE5A8EE4}.Debug|x86.Build.0 = Debug|Any CPU
		{B33EA492-4A9B-4043-B22F-76BCBE5A8EE4}.Release|Any CPU.ActiveCfg = Release|Any CPU
		{B33EA492-4A9B-4043-B22F-76BCBE5A8EE4}.Release|Any CPU.Build.0 = Release|Any CPU
		{B33EA492-4A9B-4043-B22F-76BCBE5A8EE4}.Release|x64.ActiveCfg = Release|Any CPU
		{B33EA492-4A9B-4043-B22F-76BCBE5A8EE4}.Release|x64.Build.0 = Release|Any CPU
		{B33EA492-4A9B-4043-B22F-76BCBE5A8EE4}.Release|x86.ActiveCfg = Release|Any CPU
		{B33EA492-4A9B-4043-B22F-76BCBE5A8EE4}.Release|x86.Build.0 = Release|Any CPU
		{EB0805F9-01DC-4AFB-9084-CC666C33876A}.Debug|Any CPU.ActiveCfg = Debug|Any CPU
		{EB0805F9-01DC-4AFB-9084-CC666C33876A}.Debug|Any CPU.Build.0 = Debug|Any CPU
		{EB0805F9-01DC-4AFB-9084-CC666C33876A}.Debug|x64.ActiveCfg = Debug|Any CPU
		{EB0805F9-01DC-4AFB-9084-CC666C33876A}.Debug|x64.Build.0 = Debug|Any CPU
		{EB0805F9-01DC-4AFB-9084-CC666C33876A}.Debug|x86.ActiveCfg = Debug|Any CPU
		{EB0805F9-01DC-4AFB-9084-CC666C33876A}.Debug|x86.Build.0 = Debug|Any CPU
		{EB0805F9-01DC-4AFB-9084-CC666C33876A}.Release|Any CPU.ActiveCfg = Release|Any CPU
		{EB0805F9-01DC-4AFB-9084-CC666C33876A}.Release|Any CPU.Build.0 = Release|Any CPU
		{EB0805F9-01DC-4AFB-9084-CC666C33876A}.Release|x64.ActiveCfg = Release|Any CPU
		{EB0805F9-01DC-4AFB-9084-CC666C33876A}.Release|x64.Build.0 = Release|Any CPU
		{EB0805F9-01DC-4AFB-9084-CC666C33876A}.Release|x86.ActiveCfg = Release|Any CPU
		{EB0805F9-01DC-4AFB-9084-CC666C33876A}.Release|x86.Build.0 = Release|Any CPU
		{0C0A6FAF-3C23-4B8E-BD9E-98EC4353D3F6}.Debug|Any CPU.ActiveCfg = Debug|Any CPU
		{0C0A6FAF-3C23-4B8E-BD9E-98EC4353D3F6}.Debug|Any CPU.Build.0 = Debug|Any CPU
		{0C0A6FAF-3C23-4B8E-BD9E-98EC4353D3F6}.Debug|x64.ActiveCfg = Debug|Any CPU
		{0C0A6FAF-3C23-4B8E-BD9E-98EC4353D3F6}.Debug|x64.Build.0 = Debug|Any CPU
		{0C0A6FAF-3C23-4B8E-BD9E-98EC4353D3F6}.Debug|x86.ActiveCfg = Debug|Any CPU
		{0C0A6FAF-3C23-4B8E-BD9E-98EC4353D3F6}.Debug|x86.Build.0 = Debug|Any CPU
		{0C0A6FAF-3C23-4B8E-BD9E-98EC4353D3F6}.Release|Any CPU.ActiveCfg = Release|Any CPU
		{0C0A6FAF-3C23-4B8E-BD9E-98EC4353D3F6}.Release|Any CPU.Build.0 = Release|Any CPU
		{0C0A6FAF-3C23-4B8E-BD9E-98EC4353D3F6}.Release|x64.ActiveCfg = Release|Any CPU
		{0C0A6FAF-3C23-4B8E-BD9E-98EC4353D3F6}.Release|x64.Build.0 = Release|Any CPU
		{0C0A6FAF-3C23-4B8E-BD9E-98EC4353D3F6}.Release|x86.ActiveCfg = Release|Any CPU
		{0C0A6FAF-3C23-4B8E-BD9E-98EC4353D3F6}.Release|x86.Build.0 = Release|Any CPU
		{33BE7F37-2AAB-B2DF-8FE5-B2D159E8B6CB}.Debug|Any CPU.ActiveCfg = Debug|Any CPU
		{33BE7F37-2AAB-B2DF-8FE5-B2D159E8B6CB}.Debug|Any CPU.Build.0 = Debug|Any CPU
		{33BE7F37-2AAB-B2DF-8FE5-B2D159E8B6CB}.Debug|x64.ActiveCfg = Debug|Any CPU
		{33BE7F37-2AAB-B2DF-8FE5-B2D159E8B6CB}.Debug|x64.Build.0 = Debug|Any CPU
		{33BE7F37-2AAB-B2DF-8FE5-B2D159E8B6CB}.Debug|x86.ActiveCfg = Debug|Any CPU
		{33BE7F37-2AAB-B2DF-8FE5-B2D159E8B6CB}.Debug|x86.Build.0 = Debug|Any CPU
		{33BE7F37-2AAB-B2DF-8FE5-B2D159E8B6CB}.Release|Any CPU.ActiveCfg = Release|Any CPU
		{33BE7F37-2AAB-B2DF-8FE5-B2D159E8B6CB}.Release|Any CPU.Build.0 = Release|Any CPU
		{33BE7F37-2AAB-B2DF-8FE5-B2D159E8B6CB}.Release|x64.ActiveCfg = Release|Any CPU
		{33BE7F37-2AAB-B2DF-8FE5-B2D159E8B6CB}.Release|x64.Build.0 = Release|Any CPU
		{33BE7F37-2AAB-B2DF-8FE5-B2D159E8B6CB}.Release|x86.ActiveCfg = Release|Any CPU
		{33BE7F37-2AAB-B2DF-8FE5-B2D159E8B6CB}.Release|x86.Build.0 = Release|Any CPU
	EndGlobalSection
	GlobalSection(SolutionProperties) = preSolution
		HideSolutionNode = FALSE
	EndGlobalSection
	GlobalSection(ExtensibilityGlobals) = postSolution
		SolutionGuid = {EFCA7A26-AA85-4898-8EFB-75121C2C6DB0}
	EndGlobalSection
EndGlobal
